
Microsoft Visual Studio Solution File, Format Version 12.00
# Visual Studio Version 17
VisualStudioVersion = 17.14.36221.1 d17.14
MinimumVisualStudioVersion = 10.0.40219.1
Project("{FAE04EC0-301F-11D3-BF4B-00C04F79EFBC}") = "pharmacyManagement", "pharmacyManagement.csproj", "{7BE62722-3A37-44E4-8AFE-A7D8A05F2D34}"
EndProject
Global
	GlobalSection(SolutionConfigurationPlatforms) = preSolution
		Debug|Any CPU = Debug|Any CPU
		Release|Any CPU = Release|Any CPU
	EndGlobalSection
	GlobalSection(ProjectConfigurationPlatforms) = postSolution
		{7BE62722-3A37-44E4-8AFE-A7D8A05F2D34}.Debug|Any CPU.ActiveCfg = Debug|Any CPU
		{7BE62722-3A37-44E4-8AFE-A7D8A05F2D34}.Debug|Any CPU.Build.0 = Debug|Any CPU
		{7BE62722-3A37-44E4-8AFE-A7D8A05F2D34}.Release|Any CPU.ActiveCfg = Release|Any CPU
		{7BE62722-3A37-44E4-8AFE-A7D8A05F2D34}.Release|Any CPU.Build.0 = Release|Any CPU
	EndGlobalSection
	GlobalSection(SolutionProperties) = preSolution
		HideSolutionNode = FALSE
	EndGlobalSection
	GlobalSection(ExtensibilityGlobals) = postSolution
		SolutionGuid = {DA7F0396-B881-44E0-B384-1633FF85C9E7}
	EndGlobalSection
EndGlobal
